{
  "originHash" : "f1c52e22c3426af8a2bc368487b41b17c519f84fa8f30b384cbca265c376a931",
  "pins" : [
    {
      "identity" : "flyingfox",
      "kind" : "remoteSourceControl",
      "location" : "https://github.com/swhitty/FlyingFox.git",
      "state" : {
        "revision" : "de38230104cf63ef4843cb569ba11c13f8165685",
        "version" : "0.26.2"
      }
    }
  ],
  "version" : 3
}
